// !$*UTF8*$!
{
	archiveVersion = 1;
	classes = {
	};
	objectVersion = 56;
	objects = {

/* Begin PBXBuildFile section */
		1944AA832B2061E700AEE5D7 /* ComplicationsForWidgetKitSample Watch App.app in Embed Watch Content */ = {isa = PBXBuildFile; fileRef = 1944AA822B2061E700AEE5D7 /* ComplicationsForWidgetKitSample Watch App.app */; settings = {ATTRIBUTES = (RemoveHeadersOnCopy, ); }; };
		1944AA882B2061E700AEE5D7 /* ComplicationsForWidgetKitSampleApp.swift in Sources */ = {isa = PBXBuildFile; fileRef = 1944AA872B2061E700AEE5D7 /* ComplicationsForWidgetKitSampleApp.swift */; };
		1944AA8C2B2061E800AEE5D7 /* Assets.xcassets in Resources */ = {isa = PBXBuildFile; fileRef = 1944AA8B2B2061E800AEE5D7 /* Assets.xcassets */; };
		1944AA8F2B2061E800AEE5D7 /* Preview Assets.xcassets in Resources */ = {isa = PBXBuildFile; fileRef = 1944AA8E2B2061E800AEE5D7 /* Preview Assets.xcassets */; };
		1944AA9A2B20648C00AEE5D7 /* AppContent.swift in Sources */ = {isa = PBXBuildFile; fileRef = 1944AA992B20648C00AEE5D7 /* AppContent.swift */; };
		1944AA9C2B206A6A00AEE5D7 /* TopContentRow.swift in Sources */ = {isa = PBXBuildFile; fileRef = 1944AA9B2B206A6A00AEE5D7 /* TopContentRow.swift */; };
		1944AA9E2B206C5C00AEE5D7 /* TopContentView.swift in Sources */ = {isa = PBXBuildFile; fileRef = 1944AA9D2B206C5C00AEE5D7 /* TopContentView.swift */; };
		1944AAA02B2075D500AEE5D7 /* MainContetntView.swift in Sources */ = {isa = PBXBuildFile; fileRef = 1944AA9F2B2075D500AEE5D7 /* MainContetntView.swift */; };
/* End PBXBuildFile section */

/* Begin PBXContainerItemProxy section */
		1944AA842B2061E700AEE5D7 /* PBXContainerItemProxy */ = {
			isa = PBXContainerItemProxy;
			containerPortal = 1944AA762B2061E700AEE5D7 /* Project object */;
			proxyType = 1;
			remoteGlobalIDString = 1944AA812B2061E700AEE5D7;
			remoteInfo = "ComplicationsForWidgetKitSample Watch App";
		};
/* End PBXContainerItemProxy section */

/* Begin PBXCopyFilesBuildPhase section */
		1944AA952B2061E800AEE5D7 /* Embed Watch Content */ = {
			isa = PBXCopyFilesBuildPhase;
			buildActionMask = 2147483647;
			dstPath = "$(CONTENTS_FOLDER_PATH)/Watch";
			dstSubfolderSpec = 16;
			files = (
				1944AA832B2061E700AEE5D7 /* ComplicationsForWidgetKitSample Watch App.app in Embed Watch Content */,
			);
			name = "Embed Watch Content";
			runOnlyForDeploymentPostprocessing = 0;
		};
/* End PBXCopyFilesBuildPhase section */

/* Begin PBXFileReference section */
		1944AA7C2B2061E700AEE5D7 /* ComplicationsForWidgetKitSample.app */ = {isa = PBXFileReference; explicitFileType = wrapper.application; includeInIndex = 0; path = ComplicationsForWidgetKitSample.app; sourceTree = BUILT_PRODUCTS_DIR; };
		1944AA822B2061E700AEE5D7 /* ComplicationsForWidgetKitSample Watch App.app */ = {isa = PBXFileReference; explicitFileType = wrapper.application; includeInIndex = 0; path = "ComplicationsForWidgetKitSample Watch App.app"; sourceTree = BUILT_PRODUCTS_DIR; };
		1944AA872B2061E700AEE5D7 /* ComplicationsForWidgetKitSampleApp.swift */ = {isa = PBXFileReference; lastKnownFileType = sourcecode.swift; path = ComplicationsForWidgetKitSampleApp.swift; sourceTree = "<group>"; };
		1944AA8B2B2061E800AEE5D7 /* Assets.xcassets */ = {isa = PBXFileReference; lastKnownFileType = folder.assetcatalog; path = Assets.xcassets; sourceTree = "<group>"; };
		1944AA8E2B2061E800AEE5D7 /* Preview Assets.xcassets */ = {isa = PBXFileReference; lastKnownFileType = folder.assetcatalog; path = "Preview Assets.xcassets"; sourceTree = "<group>"; };
		1944AA992B20648C00AEE5D7 /* AppContent.swift */ = {isa = PBXFileReference; lastKnownFileType = sourcecode.swift; path = AppContent.swift; sourceTree = "<group>"; };
		1944AA9B2B206A6A00AEE5D7 /* TopContentRow.swift */ = {isa = PBXFileReference; lastKnownFileType = sourcecode.swift; path = TopContentRow.swift; sourceTree = "<group>"; };
		1944AA9D2B206C5C00AEE5D7 /* TopContentView.swift */ = {isa = PBXFileReference; lastKnownFileType = sourcecode.swift; path = TopContentView.swift; sourceTree = "<group>"; };
		1944AA9F2B2075D500AEE5D7 /* MainContetntView.swift */ = {isa = PBXFileReference; lastKnownFileType = sourcecode.swift; path = MainContetntView.swift; sourceTree = "<group>"; };
/* End PBXFileReference section */

/* Begin PBXFrameworksBuildPhase section */
		1944AA7F2B2061E700AEE5D7 /* Frameworks */ = {
			isa = PBXFrameworksBuildPhase;
			buildActionMask = 2147483647;
			files = (
			);
			runOnlyForDeploymentPostprocessing = 0;
		};
/* End PBXFrameworksBuildPhase section */

/* Begin PBXGroup section */
		1944AA752B2061E700AEE5D7 = {
			isa = PBXGroup;
			children = (
				1944AA862B2061E700AEE5D7 /* ComplicationsForWidgetKitSample Watch App */,
				1944AA7D2B2061E700AEE5D7 /* Products */,
			);
			sourceTree = "<group>";
		};
		1944AA7D2B2061E700AEE5D7 /* Products */ = {
			isa = PBXGroup;
			children = (
				1944AA7C2B2061E700AEE5D7 /* ComplicationsForWidgetKitSample.app */,
				1944AA822B2061E700AEE5D7 /* ComplicationsForWidgetKitSample Watch App.app */,
			);
			name = Products;
			sourceTree = "<group>";
		};
		1944AA862B2061E700AEE5D7 /* ComplicationsForWidgetKitSample Watch App */ = {
			isa = PBXGroup;
			children = (
				1944AA872B2061E700AEE5D7 /* ComplicationsForWidgetKitSampleApp.swift */,
				1944AAA12B2075E500AEE5D7 /* View */,
				1944AA992B20648C00AEE5D7 /* AppContent.swift */,
				1944AA8B2B2061E800AEE5D7 /* Assets.xcassets */,
				1944AA8D2B2061E800AEE5D7 /* Preview Content */,
			);
			path = "ComplicationsForWidgetKitSample Watch App";
			sourceTree = "<group>";
		};
		1944AA8D2B2061E800AEE5D7 /* Preview Content */ = {
			isa = PBXGroup;
			children = (
				1944AA8E2B2061E800AEE5D7 /* Preview Assets.xcassets */,
			);
			path = "Preview Content";
			sourceTree = "<group>";
		};
		1944AAA12B2075E500AEE5D7 /* View */ = {
			isa = PBXGroup;
			children = (
				1944AAA22B2075EF00AEE5D7 /* Top */,
				1944AAA32B2075F600AEE5D7 /* Main */,
			);
			path = View;
			sourceTree = "<group>";
		};
		1944AAA22B2075EF00AEE5D7 /* Top */ = {
			isa = PBXGroup;
			children = (
				1944AA9D2B206C5C00AEE5D7 /* TopContentView.swift */,
				1944AA9B2B206A6A00AEE5D7 /* TopContentRow.swift */,
			);
			path = Top;
			sourceTree = "<group>";
		};
		1944AAA32B2075F600AEE5D7 /* Main */ = {
			isa = PBXGroup;
			children = (
				1944AA9F2B2075D500AEE5D7 /* MainContetntView.swift */,
			);
			path = Main;
			sourceTree = "<group>";
		};
/* End PBXGroup section */

/* Begin PBXNativeTarget section */
		1944AA7B2B2061E700AEE5D7 /* ComplicationsForWidgetKitSample */ = {
			isa = PBXNativeTarget;
			buildConfigurationList = 1944AA962B2061E800AEE5D7 /* Build configuration list for PBXNativeTarget "ComplicationsForWidgetKitSample" */;
			buildPhases = (
				1944AA7A2B2061E700AEE5D7 /* Resources */,
				1944AA952B2061E800AEE5D7 /* Embed Watch Content */,
			);
			buildRules = (
			);
			dependencies = (
				1944AA852B2061E700AEE5D7 /* PBXTargetDependency */,
			);
			name = ComplicationsForWidgetKitSample;
			productName = ComplicationsForWidgetKitSample;
			productReference = 1944AA7C2B2061E700AEE5D7 /* ComplicationsForWidgetKitSample.app */;
			productType = "com.apple.product-type.application.watchapp2-container";
		};
		1944AA812B2061E700AEE5D7 /* ComplicationsForWidgetKitSample Watch App */ = {
			isa = PBXNativeTarget;
			buildConfigurationList = 1944AA922B2061E800AEE5D7 /* Build configuration list for PBXNativeTarget "ComplicationsForWidgetKitSample Watch App" */;
			buildPhases = (
				1944AA7E2B2061E700AEE5D7 /* Sources */,
				1944AA7F2B2061E700AEE5D7 /* Frameworks */,
				1944AA802B2061E700AEE5D7 /* Resources */,
			);
			buildRules = (
			);
			dependencies = (
			);
			name = "ComplicationsForWidgetKitSample Watch App";
			productName = "ComplicationsForWidgetKitSample Watch App";
			productReference = 1944AA822B2061E700AEE5D7 /* ComplicationsForWidgetKitSample Watch App.app */;
			productType = "com.apple.product-type.application";
		};
/* End PBXNativeTarget section */

/* Begin PBXProject section */
		1944AA762B2061E700AEE5D7 /* Project object */ = {
			isa = PBXProject;
			attributes = {
				BuildIndependentTargetsInParallel = 1;
				LastSwiftUpdateCheck = 1510;
				LastUpgradeCheck = 1510;
				TargetAttributes = {
					1944AA7B2B2061E700AEE5D7 = {
						CreatedOnToolsVersion = 15.1;
					};
					1944AA812B2061E700AEE5D7 = {
						CreatedOnToolsVersion = 15.1;
					};
				};
			};
			buildConfigurationList = 1944AA792B2061E700AEE5D7 /* Build configuration list for PBXProject "ComplicationsForWidgetKitSample" */;
			compatibilityVersion = "Xcode 14.0";
			developmentRegion = en;
			hasScannedForEncodings = 0;
			knownRegions = (
				en,
				Base,
			);
			mainGroup = 1944AA752B2061E700AEE5D7;
			productRefGroup = 1944AA7D2B2061E700AEE5D7 /* Products */;
			projectDirPath = "";
			projectRoot = "";
			targets = (
				1944AA7B2B2061E700AEE5D7 /* ComplicationsForWidgetKitSample */,
				1944AA812B2061E700AEE5D7 /* ComplicationsForWidgetKitSample Watch App */,
			);
		};
/* End PBXProject section */

/* Begin PBXResourcesBuildPhase section */
		1944AA7A2B2061E700AEE5D7 /* Resources */ = {
			isa = PBXResourcesBuildPhase;
			buildActionMask = 2147483647;
			files = (
			);
			runOnlyForDeploymentPostprocessing = 0;
		};
		1944AA802B2061E700AEE5D7 /* Resources */ = {
			isa = PBXResourcesBuildPhase;
			buildActionMask = 2147483647;
			files = (
				1944AA8F2B2061E800AEE5D7 /* Preview Assets.xcassets in Resources */,
				1944AA8C2B2061E800AEE5D7 /* Assets.xcassets in Resources */,
			);
			runOnlyForDeploymentPostprocessing = 0;
		};
/* End PBXResourcesBuildPhase section */

/* Begin PBXSourcesBuildPhase section */
		1944AA7E2B2061E700AEE5D7 /* Sources */ = {
			isa = PBXSourcesBuildPhase;
			buildActionMask = 2147483647;
			files = (
				1944AAA02B2075D500AEE5D7 /* MainContetntView.swift in Sources */,
				1944AA9E2B206C5C00AEE5D7 /* TopContentView.swift in Sources */,
				1944AA9C2B206A6A00AEE5D7 /* TopContentRow.swift in Sources */,
				1944AA9A2B20648C00AEE5D7 /* AppContent.swift in Sources */,
				1944AA882B2061E700AEE5D7 /* ComplicationsForWidgetKitSampleApp.swift in Sources */,
			);
			runOnlyForDeploymentPostprocessing = 0;
		};
/* End PBXSourcesBuildPhase section */

/* Begin PBXTargetDependency section */
		1944AA852B2061E700AEE5D7 /* PBXTargetDependency */ = {
			isa = PBXTargetDependency;
			target = 1944AA812B2061E700AEE5D7 /* ComplicationsForWidgetKitSample Watch App */;
			targetProxy = 1944AA842B2061E700AEE5D7 /* PBXContainerItemProxy */;
		};
/* End PBXTargetDependency section */

/* Begin XCBuildConfiguration section */
		1944AA902B2061E800AEE5D7 /* Debug */ = {
			isa = XCBuildConfiguration;
			buildSettings = {
				ALWAYS_SEARCH_USER_PATHS = NO;
				ASSETCATALOG_COMPILER_GENERATE_SWIFT_ASSET_SYMBOL_EXTENSIONS = YES;
				CLANG_ANALYZER_NONNULL = YES;
				CLANG_ANALYZER_NUMBER_OBJECT_CONVERSION = YES_AGGRESSIVE;
				CLANG_CXX_LANGUAGE_STANDARD = "gnu++20";
				CLANG_ENABLE_MODULES = YES;
				CLANG_ENABLE_OBJC_ARC = YES;
				CLANG_ENABLE_OBJC_WEAK = YES;
				CLANG_WARN_BLOCK_CAPTURE_AUTORELEASING = YES;
				CLANG_WARN_BOOL_CONVERSION = YES;
				CLANG_WARN_COMMA = YES;
				CLANG_WARN_CONSTANT_CONVERSION = YES;
				CLANG_WARN_DEPRECATED_OBJC_IMPLEMENTATIONS = YES;
				CLANG_WARN_DIRECT_OBJC_ISA_USAGE = YES_ERROR;
				CLANG_WARN_DOCUMENTATION_COMMENTS = YES;
				CLANG_WARN_EMPTY_BODY = YES;
				CLANG_WARN_ENUM_CONVERSION = YES;
				CLANG_WARN_INFINITE_RECURSION = YES;
				CLANG_WARN_INT_CONVERSION = YES;
				CLANG_WARN_NON_LITERAL_NULL_CONVERSION = YES;
				CLANG_WARN_OBJC_IMPLICIT_RETAIN_SELF = YES;
				CLANG_WARN_OBJC_LITERAL_CONVERSION = YES;
				CLANG_WARN_OBJC_ROOT_CLASS = YES_ERROR;
				CLANG_WARN_QUOTED_INCLUDE_IN_FRAMEWORK_HEADER = YES;
				CLANG_WARN_RANGE_LOOP_ANALYSIS = YES;
				CLANG_WARN_STRICT_PROTOTYPES = YES;
				CLANG_WARN_SUSPICIOUS_MOVE = YES;
				CLANG_WARN_UNGUARDED_AVAILABILITY = YES_AGGRESSIVE;
				CLANG_WARN_UNREACHABLE_CODE = YES;
				CLANG_WARN__DUPLICATE_METHOD_MATCH = YES;
				COPY_PHASE_STRIP = NO;
				DEBUG_INFORMATION_FORMAT = dwarf;
				ENABLE_STRICT_OBJC_MSGSEND = YES;
				ENABLE_TESTABILITY = YES;
				ENABLE_USER_SCRIPT_SANDBOXING = YES;
				GCC_C_LANGUAGE_STANDARD = gnu17;
				GCC_DYNAMIC_NO_PIC = NO;
				GCC_NO_COMMON_BLOCKS = YES;
				GCC_OPTIMIZATION_LEVEL = 0;
				GCC_PREPROCESSOR_DEFINITIONS = (
					"DEBUG=1",
					"$(inherited)",
				);
				GCC_WARN_64_TO_32_BIT_CONVERSION = YES;
				GCC_WARN_ABOUT_RETURN_TYPE = YES_ERROR;
				GCC_WARN_UNDECLARED_SELECTOR = YES;
				GCC_WARN_UNINITIALIZED_AUTOS = YES_AGGRESSIVE;
				GCC_WARN_UNUSED_FUNCTION = YES;
				GCC_WARN_UNUSED_VARIABLE = YES;
				LOCALIZATION_PREFERS_STRING_CATALOGS = YES;
				MTL_ENABLE_DEBUG_INFO = INCLUDE_SOURCE;
				MTL_FAST_MATH = YES;
				ONLY_ACTIVE_ARCH = YES;
				SWIFT_ACTIVE_COMPILATION_CONDITIONS = "DEBUG $(inherited)";
				SWIFT_OPTIMIZATION_LEVEL = "-Onone";
			};
			name = Debug;
		};
		1944AA912B2061E800AEE5D7 /* Release */ = {
			isa = XCBuildConfiguration;
			buildSettings = {
				ALWAYS_SEARCH_USER_PATHS = NO;
				ASSETCATALOG_COMPILER_GENERATE_SWIFT_ASSET_SYMBOL_EXTENSIONS = YES;
				CLANG_ANALYZER_NONNULL = YES;
				CLANG_ANALYZER_NUMBER_OBJECT_CONVERSION = YES_AGGRESSIVE;
				CLANG_CXX_LANGUAGE_STANDARD = "gnu++20";
				CLANG_ENABLE_MODULES = YES;
				CLANG_ENABLE_OBJC_ARC = YES;
				CLANG_ENABLE_OBJC_WEAK = YES;
				CLANG_WARN_BLOCK_CAPTURE_AUTORELEASING = YES;
				CLANG_WARN_BOOL_CONVERSION = YES;
				CLANG_WARN_COMMA = YES;
				CLANG_WARN_CONSTANT_CONVERSION = YES;
				CLANG_WARN_DEPRECATED_OBJC_IMPLEMENTATIONS = YES;
				CLANG_WARN_DIRECT_OBJC_ISA_USAGE = YES_ERROR;
				CLANG_WARN_DOCUMENTATION_COMMENTS = YES;
				CLANG_WARN_EMPTY_BODY = YES;
				CLANG_WARN_ENUM_CONVERSION = YES;
				CLANG_WARN_INFINITE_RECURSION = YES;
				CLANG_WARN_INT_CONVERSION = YES;
				CLANG_WARN_NON_LITERAL_NULL_CONVERSION = YES;
				CLANG_WARN_OBJC_IMPLICIT_RETAIN_SELF = YES;
				CLANG_WARN_OBJC_LITERAL_CONVERSION = YES;
				CLANG_WARN_OBJC_ROOT_CLASS = YES_ERROR;
				CLANG_WARN_QUOTED_INCLUDE_IN_FRAMEWORK_HEADER = YES;
				CLANG_WARN_RANGE_LOOP_ANALYSIS = YES;
				CLANG_WARN_STRICT_PROTOTYPES = YES;
				CLANG_WARN_SUSPICIOUS_MOVE = YES;
				CLANG_WARN_UNGUARDED_AVAILABILITY = YES_AGGRESSIVE;
				CLANG_WARN_UNREACHABLE_CODE = YES;
				CLANG_WARN__DUPLICATE_METHOD_MATCH = YES;
				COPY_PHASE_STRIP = NO;
				DEBUG_INFORMATION_FORMAT = "dwarf-with-dsym";
				ENABLE_NS_ASSERTIONS = NO;
				ENABLE_STRICT_OBJC_MSGSEND = YES;
				ENABLE_USER_SCRIPT_SANDBOXING = YES;
				GCC_C_LANGUAGE_STANDARD = gnu17;
				GCC_NO_COMMON_BLOCKS = YES;
				GCC_WARN_64_TO_32_BIT_CONVERSION = YES;
				GCC_WARN_ABOUT_RETURN_TYPE = YES_ERROR;
				GCC_WARN_UNDECLARED_SELECTOR = YES;
				GCC_WARN_UNINITIALIZED_AUTOS = YES_AGGRESSIVE;
				GCC_WARN_UNUSED_FUNCTION = YES;
				GCC_WARN_UNUSED_VARIABLE = YES;
				LOCALIZATION_PREFERS_STRING_CATALOGS = YES;
				MTL_ENABLE_DEBUG_INFO = NO;
				MTL_FAST_MATH = YES;
				SWIFT_COMPILATION_MODE = wholemodule;
			};
			name = Release;
		};
		1944AA932B2061E800AEE5D7 /* Debug */ = {
			isa = XCBuildConfiguration;
			buildSettings = {
				ASSETCATALOG_COMPILER_APPICON_NAME = AppIcon;
				ASSETCATALOG_COMPILER_GLOBAL_ACCENT_COLOR_NAME = AccentColor;
				CODE_SIGN_STYLE = Automatic;
				CURRENT_PROJECT_VERSION = 1;
				DEVELOPMENT_ASSET_PATHS = "\"ComplicationsForWidgetKitSample Watch App/Preview Content\"";
				DEVELOPMENT_TEAM = 7M7ZGYSAKB;
				ENABLE_PREVIEWS = YES;
				GENERATE_INFOPLIST_FILE = YES;
				INFOPLIST_KEY_CFBundleDisplayName = ComplicationsForWidgetKitSample;
				INFOPLIST_KEY_UISupportedInterfaceOrientations = "UIInterfaceOrientationPortrait UIInterfaceOrientationPortraitUpsideDown";
				INFOPLIST_KEY_WKWatchOnly = YES;
				LD_RUNPATH_SEARCH_PATHS = (
					"$(inherited)",
					"@executable_path/Frameworks",
				);
				MARKETING_VERSION = 1.0.0;
				PRODUCT_BUNDLE_IDENTIFIER = com.ASTK.ComplicationsForWidgetKitSample.watchkitapp;
				PRODUCT_NAME = "$(TARGET_NAME)";
				SDKROOT = watchos;
				SKIP_INSTALL = YES;
				SWIFT_EMIT_LOC_STRINGS = YES;
				SWIFT_VERSION = 5.0;
				TARGETED_DEVICE_FAMILY = 4;
				WATCHOS_DEPLOYMENT_TARGET = 10.0;
			};
			name = Debug;
		};
		1944AA942B2061E800AEE5D7 /* Release */ = {
			isa = XCBuildConfiguration;
			buildSettings = {
				ASSETCATALOG_COMPILER_APPICON_NAME = AppIcon;
				ASSETCATALOG_COMPILER_GLOBAL_ACCENT_COLOR_NAME = AccentColor;
				CODE_SIGN_STYLE = Automatic;
				CURRENT_PROJECT_VERSION = 1;
				DEVELOPMENT_ASSET_PATHS = "\"ComplicationsForWidgetKitSample Watch App/Preview Content\"";
				DEVELOPMENT_TEAM = 7M7ZGYSAKB;
				ENABLE_PREVIEWS = YES;
				GENERATE_INFOPLIST_FILE = YES;
				INFOPLIST_KEY_CFBundleDisplayName = ComplicationsForWidgetKitSample;
				INFOPLIST_KEY_UISupportedInterfaceOrientations = "UIInterfaceOrientationPortrait UIInterfaceOrientationPortraitUpsideDown";
				INFOPLIST_KEY_WKWatchOnly = YES;
				LD_RUNPATH_SEARCH_PATHS = (
					"$(inherited)",
					"@executable_path/Frameworks",
				);
				MARKETING_VERSION = 1.0.0;
				PRODUCT_BUNDLE_IDENTIFIER = com.ASTK.ComplicationsForWidgetKitSample.watchkitapp;
				PRODUCT_NAME = "$(TARGET_NAME)";
				SDKROOT = watchos;
				SKIP_INSTALL = YES;
				SWIFT_EMIT_LOC_STRINGS = YES;
				SWIFT_VERSION = 5.0;
				TARGETED_DEVICE_FAMILY = 4;
				VALIDATE_PRODUCT = YES;
				WATCHOS_DEPLOYMENT_TARGET = 10.0;
			};
			name = Release;
		};
		1944AA972B2061E800AEE5D7 /* Debug */ = {
			isa = XCBuildConfiguration;
			buildSettings = {
				ALWAYS_EMBED_SWIFT_STANDARD_LIBRARIES = YES;
				CODE_SIGN_STYLE = Automatic;
				CURRENT_PROJECT_VERSION = 1;
				DEVELOPMENT_TEAM = 7M7ZGYSAKB;
				INFOPLIST_KEY_CFBundleDisplayName = ComplicationsForWidgetKitSample;
				MARKETING_VERSION = 1.0;
				PRODUCT_BUNDLE_IDENTIFIER = com.ASTK.ComplicationsForWidgetKitSample;
				PRODUCT_NAME = "$(TARGET_NAME)";
				SDKROOT = iphoneos;
				SWIFT_VERSION = 5.0;
			};
			name = Debug;
		};
		1944AA982B2061E800AEE5D7 /* Release */ = {
			isa = XCBuildConfiguration;
			buildSettings = {
				ALWAYS_EMBED_SWIFT_STANDARD_LIBRARIES = YES;
				CODE_SIGN_STYLE = Automatic;
				CURRENT_PROJECT_VERSION = 1;
				DEVELOPMENT_TEAM = 7M7ZGYSAKB;
				INFOPLIST_KEY_CFBundleDisplayName = ComplicationsForWidgetKitSample;
				MARKETING_VERSION = 1.0;
				PRODUCT_BUNDLE_IDENTIFIER = com.ASTK.ComplicationsForWidgetKitSample;
				PRODUCT_NAME = "$(TARGET_NAME)";
				SDKROOT = iphoneos;
				SWIFT_VERSION = 5.0;
				VALIDATE_PRODUCT = YES;
			};
			name = Release;
		};
/* End XCBuildConfiguration section */

/* Begin XCConfigurationList section */
		1944AA792B2061E700AEE5D7 /* Build configuration list for PBXProject "ComplicationsForWidgetKitSample" */ = {
			isa = XCConfigurationList;
			buildConfigurations = (
				1944AA902B2061E800AEE5D7 /* Debug */,
				1944AA912B2061E800AEE5D7 /* Release */,
			);
			defaultConfigurationIsVisible = 0;
			defaultConfigurationName = Release;
		};
		1944AA922B2061E800AEE5D7 /* Build configuration list for PBXNativeTarget "ComplicationsForWidgetKitSample Watch App" */ = {
			isa = XCConfigurationList;
			buildConfigurations = (
				1944AA932B2061E800AEE5D7 /* Debug */,
				1944AA942B2061E800AEE5D7 /* Release */,
			);
			defaultConfigurationIsVisible = 0;
			defaultConfigurationName = Release;
		};
		1944AA962B2061E800AEE5D7 /* Build configuration list for PBXNativeTarget "ComplicationsForWidgetKitSample" */ = {
			isa = XCConfigurationList;
			buildConfigurations = (
				1944AA972B2061E800AEE5D7 /* Debug */,
				1944AA982B2061E800AEE5D7 /* Release */,
			);
			defaultConfigurationIsVisible = 0;
			defaultConfigurationName = Release;
		};
/* End XCConfigurationList section */
	};
	rootObject = 1944AA762B2061E700AEE5D7 /* Project object */;
}
